
Microsoft Visual Studio Solution File, Format Version 12.00
# Visual Studio Version 17
VisualStudioVersion = 17.0.31903.59
MinimumVisualStudioVersion = 10.0.40219.1
Project("{9A19103F-16F7-4668-BE54-9A1E7A4F7556}") = "CupsellClone", "CupsellClone\CupsellClone.csproj", "{FFE8D28A-9F31-4366-A11C-B135A9110DBB}"
EndProject
Project("{9A19103F-16F7-4668-BE54-9A1E7A4F7556}") = "CupsellCloneAPI.Database", "CupsellCloneAPI.Database\CupsellCloneAPI.Database.csproj", "{7290D94F-A032-41AF-BC3E-F236321C45B4}"
EndProject
Project("{9A19103F-16F7-4668-BE54-9A1E7A4F7556}") = "CupsellCloneAPI.Core", "CupsellCloneAPI.Core\CupsellCloneAPI.Core.csproj", "{E5796D6B-5147-4D16-85E0-0AEAA597CB95}"
EndProject
Project("{9A19103F-16F7-4668-BE54-9A1E7A4F7556}") = "CupsellCloneAPI.Database.BlobContainer", "CupsellCloneAPI.Database.BlobContainer\CupsellCloneAPI.Database.BlobContainer.csproj", "{795C3FA0-E6CD-4DE8-893D-0C03E91CB004}"
EndProject
Project("{9A19103F-16F7-4668-BE54-9A1E7A4F7556}") = "CupsellCloneAPI.Authentication", "CupsellCloneAPI.Authentication\CupsellCloneAPI.Authentication.csproj", "{E812E91E-8D16-4FC7-8372-FBDA71500E41}"
EndProject
Project("{9A19103F-16F7-4668-BE54-9A1E7A4F7556}") = "CupsellCloneAPI.Database.Authentication", "CupsellCloneAPI.Database.Authentication\CupsellCloneAPI.Database.Authentication.csproj", "{6FF4AB00-6FA4-46BB-9713-9F2C46AD8CDE}"
EndProject
Project("{9A19103F-16F7-4668-BE54-9A1E7A4F7556}") = "CupsellCloneAPI.Core.Utils", "CupsellCloneAPI.Core.Utils\CupsellCloneAPI.Core.Utils.csproj", "{81210601-E524-4221-8DDF-0A3380C74C5A}"
EndProject
Project("{9A19103F-16F7-4668-BE54-9A1E7A4F7556}") = "CupsellCloneAPI.EmailCommunication", "CupsellCloneAPI.EmailCommunication\CupsellCloneAPI.EmailCommunication.csproj", "{43C4FEA2-AE95-4507-BE94-C89C71439A9A}"
EndProject
Global
	GlobalSection(SolutionConfigurationPlatforms) = preSolution
		Debug|Any CPU = Debug|Any CPU
		Release|Any CPU = Release|Any CPU
	EndGlobalSection
	GlobalSection(ProjectConfigurationPlatforms) = postSolution
		{FFE8D28A-9F31-4366-A11C-B135A9110DBB}.Debug|Any CPU.ActiveCfg = Debug|Any CPU
		{FFE8D28A-9F31-4366-A11C-B135A9110DBB}.Debug|Any CPU.Build.0 = Debug|Any CPU
		{FFE8D28A-9F31-4366-A11C-B135A9110DBB}.Release|Any CPU.ActiveCfg = Release|Any CPU
		{FFE8D28A-9F31-4366-A11C-B135A9110DBB}.Release|Any CPU.Build.0 = Release|Any CPU
		{7290D94F-A032-41AF-BC3E-F236321C45B4}.Debug|Any CPU.ActiveCfg = Debug|Any CPU
		{7290D94F-A032-41AF-BC3E-F236321C45B4}.Debug|Any CPU.Build.0 = Debug|Any CPU
		{7290D94F-A032-41AF-BC3E-F236321C45B4}.Release|Any CPU.ActiveCfg = Release|Any CPU
		{7290D94F-A032-41AF-BC3E-F236321C45B4}.Release|Any CPU.Build.0 = Release|Any CPU
		{E5796D6B-5147-4D16-85E0-0AEAA597CB95}.Debug|Any CPU.ActiveCfg = Debug|Any CPU
		{E5796D6B-5147-4D16-85E0-0AEAA597CB95}.Debug|Any CPU.Build.0 = Debug|Any CPU
		{E5796D6B-5147-4D16-85E0-0AEAA597CB95}.Release|Any CPU.ActiveCfg = Release|Any CPU
		{E5796D6B-5147-4D16-85E0-0AEAA597CB95}.Release|Any CPU.Build.0 = Release|Any CPU
		{795C3FA0-E6CD-4DE8-893D-0C03E91CB004}.Debug|Any CPU.ActiveCfg = Debug|Any CPU
		{795C3FA0-E6CD-4DE8-893D-0C03E91CB004}.Debug|Any CPU.Build.0 = Debug|Any CPU
		{795C3FA0-E6CD-4DE8-893D-0C03E91CB004}.Release|Any CPU.ActiveCfg = Release|Any CPU
		{795C3FA0-E6CD-4DE8-893D-0C03E91CB004}.Release|Any CPU.Build.0 = Release|Any CPU
		{E812E91E-8D16-4FC7-8372-FBDA71500E41}.Debug|Any CPU.ActiveCfg = Debug|Any CPU
		{E812E91E-8D16-4FC7-8372-FBDA71500E41}.Debug|Any CPU.Build.0 = Debug|Any CPU
		{E812E91E-8D16-4FC7-8372-FBDA71500E41}.Release|Any CPU.ActiveCfg = Release|Any CPU
		{E812E91E-8D16-4FC7-8372-FBDA71500E41}.Release|Any CPU.Build.0 = Release|Any CPU
		{6FF4AB00-6FA4-46BB-9713-9F2C46AD8CDE}.Debug|Any CPU.ActiveCfg = Debug|Any CPU
		{6FF4AB00-6FA4-46BB-9713-9F2C46AD8CDE}.Debug|Any CPU.Build.0 = Debug|Any CPU
		{6FF4AB00-6FA4-46BB-9713-9F2C46AD8CDE}.Release|Any CPU.ActiveCfg = Release|Any CPU
		{6FF4AB00-6FA4-46BB-9713-9F2C46AD8CDE}.Release|Any CPU.Build.0 = Release|Any CPU
		{81210601-E524-4221-8DDF-0A3380C74C5A}.Debug|Any CPU.ActiveCfg = Debug|Any CPU
		{81210601-E524-4221-8DDF-0A3380C74C5A}.Debug|Any CPU.Build.0 = Debug|Any CPU
		{81210601-E524-4221-8DDF-0A3380C74C5A}.Release|Any CPU.ActiveCfg = Release|Any CPU
		{81210601-E524-4221-8DDF-0A3380C74C5A}.Release|Any CPU.Build.0 = Release|Any CPU
		{43C4FEA2-AE95-4507-BE94-C89C71439A9A}.Debug|Any CPU.ActiveCfg = Debug|Any CPU
		{43C4FEA2-AE95-4507-BE94-C89C71439A9A}.Debug|Any CPU.Build.0 = Debug|Any CPU
		{43C4FEA2-AE95-4507-BE94-C89C71439A9A}.Release|Any CPU.ActiveCfg = Release|Any CPU
		{43C4FEA2-AE95-4507-BE94-C89C71439A9A}.Release|Any CPU.Build.0 = Release|Any CPU
	EndGlobalSection
	GlobalSection(SolutionProperties) = preSolution
		HideSolutionNode = FALSE
	EndGlobalSection
	GlobalSection(ExtensibilityGlobals) = postSolution
		SolutionGuid = {A3382C69-3DAE-4545-9F62-6A795BC734BB}
	EndGlobalSection
EndGlobal
